
Microsoft Visual Studio Solution File, Format Version 12.00
# Visual Studio Version 16
VisualStudioVersion = 16.0.31613.86
MinimumVisualStudioVersion = 10.0.40219.1
Project("{FAE04EC0-301F-11D3-BF4B-00C04F79EFBC}") = "TimoKluser.StaticWeb", "TimoKluser.StaticWeb.csproj", "{04D61DF7-156D-4ABF-A91B-0DEB68571D68}"
EndProject
Global
	GlobalSection(SolutionConfigurationPlatforms) = preSolution
		Debug|Any CPU = Debug|Any CPU
		Release|Any CPU = Release|Any CPU
	EndGlobalSection
	GlobalSection(ProjectConfigurationPlatforms) = postSolution
		{04D61DF7-156D-4ABF-A91B-0DEB68571D68}.Debug|Any CPU.ActiveCfg = Debug|Any CPU
		{04D61DF7-156D-4ABF-A91B-0DEB68571D68}.Debug|Any CPU.Build.0 = Debug|Any CPU
		{04D61DF7-156D-4ABF-A91B-0DEB68571D68}.Release|Any CPU.ActiveCfg = Release|Any CPU
		{04D61DF7-156D-4ABF-A91B-0DEB68571D68}.Release|Any CPU.Build.0 = Release|Any CPU
	EndGlobalSection
	GlobalSection(SolutionProperties) = preSolution
		HideSolutionNode = FALSE
	EndGlobalSection
	GlobalSection(ExtensibilityGlobals) = postSolution
		SolutionGuid = {48DCF910-2862-4FB7-B7AC-66D54F73E093}
	EndGlobalSection
EndGlobal
