
Microsoft Visual Studio Solution File, Format Version 12.00
# Visual Studio Version 16
VisualStudioVersion = 16.0.31613.86
MinimumVisualStudioVersion = 10.0.40219.1
Project("{FAE04EC0-301F-11D3-BF4B-00C04F79EFBC}") = "TimoKluser.DynamicWeb", "TimoKluser.DynamicWeb.csproj", "{F7DC5CD1-96A0-4AA7-A25F-B2F389CEBB49}"
EndProject
Global
	GlobalSection(SolutionConfigurationPlatforms) = preSolution
		Debug|Any CPU = Debug|Any CPU
		Release|Any CPU = Release|Any CPU
	EndGlobalSection
	GlobalSection(ProjectConfigurationPlatforms) = postSolution
		{F7DC5CD1-96A0-4AA7-A25F-B2F389CEBB49}.Debug|Any CPU.ActiveCfg = Debug|Any CPU
		{F7DC5CD1-96A0-4AA7-A25F-B2F389CEBB49}.Debug|Any CPU.Build.0 = Debug|Any CPU
		{F7DC5CD1-96A0-4AA7-A25F-B2F389CEBB49}.Release|Any CPU.ActiveCfg = Release|Any CPU
		{F7DC5CD1-96A0-4AA7-A25F-B2F389CEBB49}.Release|Any CPU.Build.0 = Release|Any CPU
	EndGlobalSection
	GlobalSection(SolutionProperties) = preSolution
		HideSolutionNode = FALSE
	EndGlobalSection
	GlobalSection(ExtensibilityGlobals) = postSolution
		SolutionGuid = {F5C53EFB-65D1-49F5-A17F-455EC81C36F7}
	EndGlobalSection
EndGlobal
