
Microsoft Visual Studio Solution File, Format Version 12.00
# Visual Studio Version 16
VisualStudioVersion = 16.0.31613.86
MinimumVisualStudioVersion = 10.0.40219.1
Project("{FAE04EC0-301F-11D3-BF4B-00C04F79EFBC}") = "TimoKluser.IdentityTutorial", "TimoKluser.IdentityTutorial.csproj", "{7A79F51C-91A6-4280-9D2A-4C164E8DF194}"
EndProject
Global
	GlobalSection(SolutionConfigurationPlatforms) = preSolution
		Debug|Any CPU = Debug|Any CPU
		Release|Any CPU = Release|Any CPU
	EndGlobalSection
	GlobalSection(ProjectConfigurationPlatforms) = postSolution
		{7A79F51C-91A6-4280-9D2A-4C164E8DF194}.Debug|Any CPU.ActiveCfg = Debug|Any CPU
		{7A79F51C-91A6-4280-9D2A-4C164E8DF194}.Debug|Any CPU.Build.0 = Debug|Any CPU
		{7A79F51C-91A6-4280-9D2A-4C164E8DF194}.Release|Any CPU.ActiveCfg = Release|Any CPU
		{7A79F51C-91A6-4280-9D2A-4C164E8DF194}.Release|Any CPU.Build.0 = Release|Any CPU
	EndGlobalSection
	GlobalSection(SolutionProperties) = preSolution
		HideSolutionNode = FALSE
	EndGlobalSection
	GlobalSection(ExtensibilityGlobals) = postSolution
		SolutionGuid = {4AC3D038-3408-43C5-B75F-C4FE1C237BB5}
	EndGlobalSection
EndGlobal
